<Solution>
  <Folder Name="/Solution Items/">
    <File Path="AGENTS.md" />
    <File Path="README.md" />
  </Folder>
  <Project Path="Bagatelle.Android/Bagatelle.Android.csproj" />
  <Project Path="Bagatelle.DX/Bagatelle.DX.csproj" />
  <Project Path="Bagatelle.Shared/Bagatelle.Shared.shproj" />
</Solution>
